
Microsoft Visual Studio Solution File, Format Version 12.00
# Visual Studio Version 17
VisualStudioVersion = 17.8.34601.278
MinimumVisualStudioVersion = 10.0.40219.1
Project("{9A19103F-16F7-4668-BE54-9A1E7A4F7556}") = "01-OOP-010-Role", "01-OOP-010-Role\01-OOP-010-Role.csproj", "{DD4C3E6F-D2A8-41D0-B85F-CBA10CA0493C}"
EndProject
Project("{9A19103F-16F7-4668-BE54-9A1E7A4F7556}") = "01-OOP-020-Tachometr", "01-OOP-020-Tachometr\01-OOP-020-Tachometr.csproj", "{7B1B94B2-9EDB-4AC3-97F9-AC273587F6EC}"
EndProject
Project("{9A19103F-16F7-4668-BE54-9A1E7A4F7556}") = "01-OOP-030-Lanovka", "01-OOP-030-Lanovka\01-OOP-030-Lanovka.csproj", "{07A30C41-C805-46D7-86EA-821C29771F78}"
EndProject
Project("{9A19103F-16F7-4668-BE54-9A1E7A4F7556}") = "00-Rev-01-pod-limitem", "00-Rev-01-pod-limitem\00-Rev-01-pod-limitem.csproj", "{91360738-B427-4AFB-9E5D-D58944B86A8C}"
EndProject
Project("{9A19103F-16F7-4668-BE54-9A1E7A4F7556}") = "00-Rev-01-pred-maximem", "00-Rev-01-pred-maximem\00-Rev-01-pred-maximem.csproj", "{419BC592-8FD4-4818-89D9-A8E00018608C}"
EndProject
Project("{9A19103F-16F7-4668-BE54-9A1E7A4F7556}") = "01-OOP-040-Paginator", "01-OOP-040-Paginator\01-OOP-040-Paginator.csproj", "{F61F0104-195A-4E7F-AC18-231E9D184B9B}"
EndProject
Project("{9A19103F-16F7-4668-BE54-9A1E7A4F7556}") = "01-OOP-050-Loop", "01-OOP-050-Loop\01-OOP-050-Loop.csproj", "{65CB54C8-8021-49AC-87BA-B538E7530A1C}"
EndProject
Project("{9A19103F-16F7-4668-BE54-9A1E7A4F7556}") = "02-OOP2-010-Pocitadlo", "03-OOP2-010-Pocitadlo\02-OOP2-010-Pocitadlo.csproj", "{AC72854D-1C1B-4FA8-BD00-FA6745B39EB9}"
EndProject
Project("{9A19103F-16F7-4668-BE54-9A1E7A4F7556}") = "02-OOP2-030-Zamestnanci", "02-OOP2-030-Ucty\02-OOP2-030-Zamestnanci.csproj", "{881C8492-1D1F-409D-9AD7-70E6EEF04325}"
EndProject
Project("{9A19103F-16F7-4668-BE54-9A1E7A4F7556}") = "02-OOP2-040-Doprava", "02-OOP2-040-Doprava\02-OOP2-040-Doprava.csproj", "{1442ACBB-A247-4FF0-A51B-407FCCA4FBEF}"
EndProject
Project("{9A19103F-16F7-4668-BE54-9A1E7A4F7556}") = "02-OOP2-050-IFace-utvary", "02-OOP2-050-IFace-utvary\02-OOP2-050-IFace-utvary.csproj", "{59116BEB-0BDE-409A-9965-18B9F4D9B025}"
EndProject
Project("{9A19103F-16F7-4668-BE54-9A1E7A4F7556}") = "02-OOP2-060-IFace-IComparable-Body", "02-OOP2-060-IFace-IComparable-Body\02-OOP2-060-IFace-IComparable-Body.csproj", "{CBBFE2E6-5CFE-423F-8F11-263151B40A2A}"
EndProject
Project("{9A19103F-16F7-4668-BE54-9A1E7A4F7556}") = "02-OOP2-070-IFace-IComparable-BMI", "02-OOP2-070-IFace-IComparable-BMI\02-OOP2-070-IFace-IComparable-BMI.csproj", "{51497F4C-98DF-40F7-8DED-13B1D3397D9E}"
EndProject
Project("{9A19103F-16F7-4668-BE54-9A1E7A4F7556}") = "OOP Dedicnost Test", "OOP Dedicnost Test\OOP Dedicnost Test.csproj", "{04453B4C-2992-4B41-9D3F-71C9E70EAA8F}"
EndProject
Project("{9A19103F-16F7-4668-BE54-9A1E7A4F7556}") = "03-OOP3-010-Urad", "03-OOP3-010-Urad\03-OOP3-010-Urad.csproj", "{9F7160E9-4529-4F5D-91D6-F2061047C028}"
EndProject
Project("{9A19103F-16F7-4668-BE54-9A1E7A4F7556}") = "03-OOP3-020-Hanoi", "03-OOP3-020-Hanoi\03-OOP3-020-Hanoi.csproj", "{F5701FE2-BE14-4A35-93C9-E17560B30A40}"
EndProject
Project("{9A19103F-16F7-4668-BE54-9A1E7A4F7556}") = "03-OOP3-030-Voziky", "03-OOP3-030-Voziky\03-OOP3-030-Voziky.csproj", "{7DFA94DD-B160-4656-84F2-15A932F561EE}"
EndProject
Project("{9A19103F-16F7-4668-BE54-9A1E7A4F7556}") = "03-OOP3-030-VozikyTests", "03-OOP3-030-VozikyTests\03-OOP3-030-VozikyTests.csproj", "{7E94AF57-62A9-42EA-8271-AB2463C385B1}"
EndProject
Project("{2150E333-8FDC-42A3-9474-1A3956D46DE8}") = "00-Rev", "00-Rev", "{09229D8A-71A0-461B-AA55-114536A77FC4}"
EndProject
Project("{2150E333-8FDC-42A3-9474-1A3956D46DE8}") = "01-OOP", "01-OOP", "{54CDF9E9-A10E-480C-887E-3AB60F96A254}"
EndProject
Project("{2150E333-8FDC-42A3-9474-1A3956D46DE8}") = "02-OOP2", "02-OOP2", "{D32B7CD1-D346-4037-B804-CEB7170ED4B1}"
EndProject
Project("{2150E333-8FDC-42A3-9474-1A3956D46DE8}") = "03-OOP3", "03-OOP3", "{62E6F8A6-461F-4BE8-AC86-42466CE4A2F0}"
EndProject
Project("{2150E333-8FDC-42A3-9474-1A3956D46DE8}") = "04-DB", "04-DB", "{83D53D51-0D18-4E77-BA95-F556AE38819E}"
EndProject
Project("{FAE04EC0-301F-11D3-BF4B-00C04F79EFBC}") = "04-DB-01-SQL-connection", "04-DB-01-SQL-connection\04-DB-01-SQL-connection.csproj", "{1EF706D9-35FC-4CD9-9132-712323BCD5CD}"
EndProject
Project("{FAE04EC0-301F-11D3-BF4B-00C04F79EFBC}") = "03-OOP3-Projekt", "03-OOP3-Projekt\03-OOP3-Projekt.csproj", "{ECF83E11-95C6-4D7C-A8BF-71D06AA23209}"
EndProject
Project("{FAE04EC0-301F-11D3-BF4B-00C04F79EFBC}") = "04-DB-02-EF-basics", "04-DB-02-EF-basics\04-DB-02-EF-basics.csproj", "{8EE43DC0-41A6-4B4A-AADD-5D6DACBB6D40}"
EndProject
Global
	GlobalSection(SolutionConfigurationPlatforms) = preSolution
		Debug|Any CPU = Debug|Any CPU
		Release|Any CPU = Release|Any CPU
	EndGlobalSection
	GlobalSection(ProjectConfigurationPlatforms) = postSolution
		{DD4C3E6F-D2A8-41D0-B85F-CBA10CA0493C}.Debug|Any CPU.ActiveCfg = Debug|Any CPU
		{DD4C3E6F-D2A8-41D0-B85F-CBA10CA0493C}.Debug|Any CPU.Build.0 = Debug|Any CPU
		{DD4C3E6F-D2A8-41D0-B85F-CBA10CA0493C}.Release|Any CPU.ActiveCfg = Release|Any CPU
		{DD4C3E6F-D2A8-41D0-B85F-CBA10CA0493C}.Release|Any CPU.Build.0 = Release|Any CPU
		{7B1B94B2-9EDB-4AC3-97F9-AC273587F6EC}.Debug|Any CPU.ActiveCfg = Debug|Any CPU
		{7B1B94B2-9EDB-4AC3-97F9-AC273587F6EC}.Debug|Any CPU.Build.0 = Debug|Any CPU
		{7B1B94B2-9EDB-4AC3-97F9-AC273587F6EC}.Release|Any CPU.ActiveCfg = Release|Any CPU
		{7B1B94B2-9EDB-4AC3-97F9-AC273587F6EC}.Release|Any CPU.Build.0 = Release|Any CPU
		{07A30C41-C805-46D7-86EA-821C29771F78}.Debug|Any CPU.ActiveCfg = Debug|Any CPU
		{07A30C41-C805-46D7-86EA-821C29771F78}.Debug|Any CPU.Build.0 = Debug|Any CPU
		{07A30C41-C805-46D7-86EA-821C29771F78}.Release|Any CPU.ActiveCfg = Release|Any CPU
		{07A30C41-C805-46D7-86EA-821C29771F78}.Release|Any CPU.Build.0 = Release|Any CPU
		{91360738-B427-4AFB-9E5D-D58944B86A8C}.Debug|Any CPU.ActiveCfg = Debug|Any CPU
		{91360738-B427-4AFB-9E5D-D58944B86A8C}.Debug|Any CPU.Build.0 = Debug|Any CPU
		{91360738-B427-4AFB-9E5D-D58944B86A8C}.Release|Any CPU.ActiveCfg = Release|Any CPU
		{91360738-B427-4AFB-9E5D-D58944B86A8C}.Release|Any CPU.Build.0 = Release|Any CPU
		{419BC592-8FD4-4818-89D9-A8E00018608C}.Debug|Any CPU.ActiveCfg = Debug|Any CPU
		{419BC592-8FD4-4818-89D9-A8E00018608C}.Debug|Any CPU.Build.0 = Debug|Any CPU
		{419BC592-8FD4-4818-89D9-A8E00018608C}.Release|Any CPU.ActiveCfg = Release|Any CPU
		{419BC592-8FD4-4818-89D9-A8E00018608C}.Release|Any CPU.Build.0 = Release|Any CPU
		{F61F0104-195A-4E7F-AC18-231E9D184B9B}.Debug|Any CPU.ActiveCfg = Debug|Any CPU
		{F61F0104-195A-4E7F-AC18-231E9D184B9B}.Debug|Any CPU.Build.0 = Debug|Any CPU
		{F61F0104-195A-4E7F-AC18-231E9D184B9B}.Release|Any CPU.ActiveCfg = Release|Any CPU
		{F61F0104-195A-4E7F-AC18-231E9D184B9B}.Release|Any CPU.Build.0 = Release|Any CPU
		{65CB54C8-8021-49AC-87BA-B538E7530A1C}.Debug|Any CPU.ActiveCfg = Debug|Any CPU
		{65CB54C8-8021-49AC-87BA-B538E7530A1C}.Debug|Any CPU.Build.0 = Debug|Any CPU
		{65CB54C8-8021-49AC-87BA-B538E7530A1C}.Release|Any CPU.ActiveCfg = Release|Any CPU
		{65CB54C8-8021-49AC-87BA-B538E7530A1C}.Release|Any CPU.Build.0 = Release|Any CPU
		{AC72854D-1C1B-4FA8-BD00-FA6745B39EB9}.Debug|Any CPU.ActiveCfg = Debug|Any CPU
		{AC72854D-1C1B-4FA8-BD00-FA6745B39EB9}.Debug|Any CPU.Build.0 = Debug|Any CPU
		{AC72854D-1C1B-4FA8-BD00-FA6745B39EB9}.Release|Any CPU.ActiveCfg = Release|Any CPU
		{AC72854D-1C1B-4FA8-BD00-FA6745B39EB9}.Release|Any CPU.Build.0 = Release|Any CPU
		{881C8492-1D1F-409D-9AD7-70E6EEF04325}.Debug|Any CPU.ActiveCfg = Debug|Any CPU
		{881C8492-1D1F-409D-9AD7-70E6EEF04325}.Debug|Any CPU.Build.0 = Debug|Any CPU
		{881C8492-1D1F-409D-9AD7-70E6EEF04325}.Release|Any CPU.ActiveCfg = Release|Any CPU
		{881C8492-1D1F-409D-9AD7-70E6EEF04325}.Release|Any CPU.Build.0 = Release|Any CPU
		{1442ACBB-A247-4FF0-A51B-407FCCA4FBEF}.Debug|Any CPU.ActiveCfg = Debug|Any CPU
		{1442ACBB-A247-4FF0-A51B-407FCCA4FBEF}.Debug|Any CPU.Build.0 = Debug|Any CPU
		{1442ACBB-A247-4FF0-A51B-407FCCA4FBEF}.Release|Any CPU.ActiveCfg = Release|Any CPU
		{1442ACBB-A247-4FF0-A51B-407FCCA4FBEF}.Release|Any CPU.Build.0 = Release|Any CPU
		{59116BEB-0BDE-409A-9965-18B9F4D9B025}.Debug|Any CPU.ActiveCfg = Debug|Any CPU
		{59116BEB-0BDE-409A-9965-18B9F4D9B025}.Debug|Any CPU.Build.0 = Debug|Any CPU
		{59116BEB-0BDE-409A-9965-18B9F4D9B025}.Release|Any CPU.ActiveCfg = Release|Any CPU
		{59116BEB-0BDE-409A-9965-18B9F4D9B025}.Release|Any CPU.Build.0 = Release|Any CPU
		{CBBFE2E6-5CFE-423F-8F11-263151B40A2A}.Debug|Any CPU.ActiveCfg = Debug|Any CPU
		{CBBFE2E6-5CFE-423F-8F11-263151B40A2A}.Debug|Any CPU.Build.0 = Debug|Any CPU
		{CBBFE2E6-5CFE-423F-8F11-263151B40A2A}.Release|Any CPU.ActiveCfg = Release|Any CPU
		{CBBFE2E6-5CFE-423F-8F11-263151B40A2A}.Release|Any CPU.Build.0 = Release|Any CPU
		{51497F4C-98DF-40F7-8DED-13B1D3397D9E}.Debug|Any CPU.ActiveCfg = Debug|Any CPU
		{51497F4C-98DF-40F7-8DED-13B1D3397D9E}.Debug|Any CPU.Build.0 = Debug|Any CPU
		{51497F4C-98DF-40F7-8DED-13B1D3397D9E}.Release|Any CPU.ActiveCfg = Release|Any CPU
		{51497F4C-98DF-40F7-8DED-13B1D3397D9E}.Release|Any CPU.Build.0 = Release|Any CPU
		{04453B4C-2992-4B41-9D3F-71C9E70EAA8F}.Debug|Any CPU.ActiveCfg = Debug|Any CPU
		{04453B4C-2992-4B41-9D3F-71C9E70EAA8F}.Debug|Any CPU.Build.0 = Debug|Any CPU
		{04453B4C-2992-4B41-9D3F-71C9E70EAA8F}.Release|Any CPU.ActiveCfg = Release|Any CPU
		{04453B4C-2992-4B41-9D3F-71C9E70EAA8F}.Release|Any CPU.Build.0 = Release|Any CPU
		{9F7160E9-4529-4F5D-91D6-F2061047C028}.Debug|Any CPU.ActiveCfg = Debug|Any CPU
		{9F7160E9-4529-4F5D-91D6-F2061047C028}.Debug|Any CPU.Build.0 = Debug|Any CPU
		{9F7160E9-4529-4F5D-91D6-F2061047C028}.Release|Any CPU.ActiveCfg = Release|Any CPU
		{9F7160E9-4529-4F5D-91D6-F2061047C028}.Release|Any CPU.Build.0 = Release|Any CPU
		{F5701FE2-BE14-4A35-93C9-E17560B30A40}.Debug|Any CPU.ActiveCfg = Debug|Any CPU
		{F5701FE2-BE14-4A35-93C9-E17560B30A40}.Debug|Any CPU.Build.0 = Debug|Any CPU
		{F5701FE2-BE14-4A35-93C9-E17560B30A40}.Release|Any CPU.ActiveCfg = Release|Any CPU
		{F5701FE2-BE14-4A35-93C9-E17560B30A40}.Release|Any CPU.Build.0 = Release|Any CPU
		{7DFA94DD-B160-4656-84F2-15A932F561EE}.Debug|Any CPU.ActiveCfg = Debug|Any CPU
		{7DFA94DD-B160-4656-84F2-15A932F561EE}.Debug|Any CPU.Build.0 = Debug|Any CPU
		{7DFA94DD-B160-4656-84F2-15A932F561EE}.Release|Any CPU.ActiveCfg = Release|Any CPU
		{7DFA94DD-B160-4656-84F2-15A932F561EE}.Release|Any CPU.Build.0 = Release|Any CPU
		{7E94AF57-62A9-42EA-8271-AB2463C385B1}.Debug|Any CPU.ActiveCfg = Debug|Any CPU
		{7E94AF57-62A9-42EA-8271-AB2463C385B1}.Debug|Any CPU.Build.0 = Debug|Any CPU
		{7E94AF57-62A9-42EA-8271-AB2463C385B1}.Release|Any CPU.ActiveCfg = Release|Any CPU
		{7E94AF57-62A9-42EA-8271-AB2463C385B1}.Release|Any CPU.Build.0 = Release|Any CPU
		{1EF706D9-35FC-4CD9-9132-712323BCD5CD}.Debug|Any CPU.ActiveCfg = Debug|Any CPU
		{1EF706D9-35FC-4CD9-9132-712323BCD5CD}.Debug|Any CPU.Build.0 = Debug|Any CPU
		{1EF706D9-35FC-4CD9-9132-712323BCD5CD}.Release|Any CPU.ActiveCfg = Release|Any CPU
		{1EF706D9-35FC-4CD9-9132-712323BCD5CD}.Release|Any CPU.Build.0 = Release|Any CPU
		{ECF83E11-95C6-4D7C-A8BF-71D06AA23209}.Debug|Any CPU.ActiveCfg = Debug|Any CPU
		{ECF83E11-95C6-4D7C-A8BF-71D06AA23209}.Debug|Any CPU.Build.0 = Debug|Any CPU
		{ECF83E11-95C6-4D7C-A8BF-71D06AA23209}.Release|Any CPU.ActiveCfg = Release|Any CPU
		{ECF83E11-95C6-4D7C-A8BF-71D06AA23209}.Release|Any CPU.Build.0 = Release|Any CPU
		{8EE43DC0-41A6-4B4A-AADD-5D6DACBB6D40}.Debug|Any CPU.ActiveCfg = Debug|Any CPU
		{8EE43DC0-41A6-4B4A-AADD-5D6DACBB6D40}.Debug|Any CPU.Build.0 = Debug|Any CPU
		{8EE43DC0-41A6-4B4A-AADD-5D6DACBB6D40}.Release|Any CPU.ActiveCfg = Release|Any CPU
		{8EE43DC0-41A6-4B4A-AADD-5D6DACBB6D40}.Release|Any CPU.Build.0 = Release|Any CPU
	EndGlobalSection
	GlobalSection(SolutionProperties) = preSolution
		HideSolutionNode = FALSE
	EndGlobalSection
	GlobalSection(NestedProjects) = preSolution
		{DD4C3E6F-D2A8-41D0-B85F-CBA10CA0493C} = {54CDF9E9-A10E-480C-887E-3AB60F96A254}
		{7B1B94B2-9EDB-4AC3-97F9-AC273587F6EC} = {54CDF9E9-A10E-480C-887E-3AB60F96A254}
		{07A30C41-C805-46D7-86EA-821C29771F78} = {54CDF9E9-A10E-480C-887E-3AB60F96A254}
		{91360738-B427-4AFB-9E5D-D58944B86A8C} = {09229D8A-71A0-461B-AA55-114536A77FC4}
		{419BC592-8FD4-4818-89D9-A8E00018608C} = {09229D8A-71A0-461B-AA55-114536A77FC4}
		{F61F0104-195A-4E7F-AC18-231E9D184B9B} = {54CDF9E9-A10E-480C-887E-3AB60F96A254}
		{65CB54C8-8021-49AC-87BA-B538E7530A1C} = {54CDF9E9-A10E-480C-887E-3AB60F96A254}
		{AC72854D-1C1B-4FA8-BD00-FA6745B39EB9} = {D32B7CD1-D346-4037-B804-CEB7170ED4B1}
		{881C8492-1D1F-409D-9AD7-70E6EEF04325} = {D32B7CD1-D346-4037-B804-CEB7170ED4B1}
		{1442ACBB-A247-4FF0-A51B-407FCCA4FBEF} = {D32B7CD1-D346-4037-B804-CEB7170ED4B1}
		{59116BEB-0BDE-409A-9965-18B9F4D9B025} = {D32B7CD1-D346-4037-B804-CEB7170ED4B1}
		{CBBFE2E6-5CFE-423F-8F11-263151B40A2A} = {D32B7CD1-D346-4037-B804-CEB7170ED4B1}
		{51497F4C-98DF-40F7-8DED-13B1D3397D9E} = {D32B7CD1-D346-4037-B804-CEB7170ED4B1}
		{04453B4C-2992-4B41-9D3F-71C9E70EAA8F} = {62E6F8A6-461F-4BE8-AC86-42466CE4A2F0}
		{9F7160E9-4529-4F5D-91D6-F2061047C028} = {62E6F8A6-461F-4BE8-AC86-42466CE4A2F0}
		{F5701FE2-BE14-4A35-93C9-E17560B30A40} = {62E6F8A6-461F-4BE8-AC86-42466CE4A2F0}
		{7DFA94DD-B160-4656-84F2-15A932F561EE} = {62E6F8A6-461F-4BE8-AC86-42466CE4A2F0}
		{7E94AF57-62A9-42EA-8271-AB2463C385B1} = {62E6F8A6-461F-4BE8-AC86-42466CE4A2F0}
		{1EF706D9-35FC-4CD9-9132-712323BCD5CD} = {83D53D51-0D18-4E77-BA95-F556AE38819E}
		{ECF83E11-95C6-4D7C-A8BF-71D06AA23209} = {62E6F8A6-461F-4BE8-AC86-42466CE4A2F0}
		{8EE43DC0-41A6-4B4A-AADD-5D6DACBB6D40} = {83D53D51-0D18-4E77-BA95-F556AE38819E}
	EndGlobalSection
	GlobalSection(ExtensibilityGlobals) = postSolution
		SolutionGuid = {C1366EEF-0BE8-47A9-82B1-5EB52281DC3A}
	EndGlobalSection
EndGlobal
